
Microsoft Visual Studio Solution File, Format Version 12.00
# Visual Studio Version 17
VisualStudioVersion = 17.2.32616.157
MinimumVisualStudioVersion = 10.0.40219.1
Project("{FAE04EC0-301F-11D3-BF4B-00C04F79EFBC}") = "FileHasherTestTask", "FileHasherTestTask\FileHasherTestTask.csproj", "{C3A42CD1-7E68-413B-84F7-0925E8DE2866}"
EndProject
Global
	GlobalSection(SolutionConfigurationPlatforms) = preSolution
		Debug|Any CPU = Debug|Any CPU
		Release|Any CPU = Release|Any CPU
	EndGlobalSection
	GlobalSection(ProjectConfigurationPlatforms) = postSolution
		{C3A42CD1-7E68-413B-84F7-0925E8DE2866}.Debug|Any CPU.ActiveCfg = Debug|Any CPU
		{C3A42CD1-7E68-413B-84F7-0925E8DE2866}.Debug|Any CPU.Build.0 = Debug|Any CPU
		{C3A42CD1-7E68-413B-84F7-0925E8DE2866}.Release|Any CPU.ActiveCfg = Release|Any CPU
		{C3A42CD1-7E68-413B-84F7-0925E8DE2866}.Release|Any CPU.Build.0 = Release|Any CPU
	EndGlobalSection
	GlobalSection(SolutionProperties) = preSolution
		HideSolutionNode = FALSE
	EndGlobalSection
	GlobalSection(ExtensibilityGlobals) = postSolution
		SolutionGuid = {A865B319-3196-4C9A-BB9F-5B5E56C3F24A}
	EndGlobalSection
EndGlobal
